{
  "name": "ffmpeg-ascii-player",
  "version": "1.0.0",
  "lockfileVersion": 3,
  "requires": true,
  "packages": {
    "": {
      "name": "ffmpeg-ascii-player",
      "version": "1.0.0",
      "license": "MIT",
      "bin": {
        "ascii-play": "main.js"
      },
      "engines": {
        "node": ">=14.0.0"
      }
    }
  }
}
